
Microsoft Visual Studio Solution File, Format Version 12.00
# Visual Studio Version 17
VisualStudioVersion = 17.1.32210.238
MinimumVisualStudioVersion = 10.0.40219.1
Project("{9A19103F-16F7-4668-BE54-9A1E7A4F7556}") = "1", "1.csproj", "{FC35E562-1CAE-4FD1-948D-43C7D43EFFE9}"
EndProject
Project("{9A19103F-16F7-4668-BE54-9A1E7A4F7556}") = "2", "..\2\2.csproj", "{DC07AD93-EA35-4D59-BAB6-E62CD028D44A}"
EndProject
Project("{9A19103F-16F7-4668-BE54-9A1E7A4F7556}") = "3", "..\3\3.csproj", "{CD33FC6A-CE28-447A-92E2-E3274E009F3C}"
EndProject
Project("{9A19103F-16F7-4668-BE54-9A1E7A4F7556}") = "4", "..\4\4.csproj", "{8E69CCBC-6287-4226-AEE3-60A130DE0D6C}"
EndProject
Project("{9A19103F-16F7-4668-BE54-9A1E7A4F7556}") = "5", "..\5\5.csproj", "{E3C12096-993D-4659-9856-C0CF1E7E8BC6}"
EndProject
Project("{9A19103F-16F7-4668-BE54-9A1E7A4F7556}") = "6", "..\6\6.csproj", "{EB7968D3-6C38-4994-AD7E-90B1D5C80F6E}"
EndProject
Project("{9A19103F-16F7-4668-BE54-9A1E7A4F7556}") = "7", "..\7\7.csproj", "{541358FB-FA9A-4780-A204-66C24D08265C}"
EndProject
Project("{9A19103F-16F7-4668-BE54-9A1E7A4F7556}") = "8", "..\8\8.csproj", "{0C93DD0D-F9F9-4FD6-BF04-22073571AC4E}"
EndProject
Project("{9A19103F-16F7-4668-BE54-9A1E7A4F7556}") = "9", "..\9\9.csproj", "{8547D843-FC7F-42BA-A412-5E1F88655212}"
EndProject
Project("{FAE04EC0-301F-11D3-BF4B-00C04F79EFBC}") = "10", "..\10\10.csproj", "{8C9C9994-3507-4F4C-ADC3-082FA014A07A}"
EndProject
Project("{FAE04EC0-301F-11D3-BF4B-00C04F79EFBC}") = "11", "..\11\11.csproj", "{84680A8B-5EDA-4F0C-AC75-CB32A0628EDB}"
EndProject
Project("{FAE04EC0-301F-11D3-BF4B-00C04F79EFBC}") = "12", "..\12\12.csproj", "{A2E23D7C-E3CE-4BEA-B193-9D062B65D7D1}"
EndProject
Project("{FAE04EC0-301F-11D3-BF4B-00C04F79EFBC}") = "13", "..\13\13.csproj", "{0628A9B0-4577-46E6-B902-14A02C9142E3}"
EndProject
Project("{FAE04EC0-301F-11D3-BF4B-00C04F79EFBC}") = "14", "..\14\14.csproj", "{C91B72EB-F118-473C-93C2-585B4201D367}"
EndProject
Project("{FAE04EC0-301F-11D3-BF4B-00C04F79EFBC}") = "15", "..\15\15.csproj", "{AC9FD583-9729-4F2D-9D6E-2AA6AAA3A9C0}"
EndProject
Global
	GlobalSection(SolutionConfigurationPlatforms) = preSolution
		Debug|Any CPU = Debug|Any CPU
		Release|Any CPU = Release|Any CPU
	EndGlobalSection
	GlobalSection(ProjectConfigurationPlatforms) = postSolution
		{FC35E562-1CAE-4FD1-948D-43C7D43EFFE9}.Debug|Any CPU.ActiveCfg = Debug|Any CPU
		{FC35E562-1CAE-4FD1-948D-43C7D43EFFE9}.Debug|Any CPU.Build.0 = Debug|Any CPU
		{FC35E562-1CAE-4FD1-948D-43C7D43EFFE9}.Release|Any CPU.ActiveCfg = Release|Any CPU
		{FC35E562-1CAE-4FD1-948D-43C7D43EFFE9}.Release|Any CPU.Build.0 = Release|Any CPU
		{DC07AD93-EA35-4D59-BAB6-E62CD028D44A}.Debug|Any CPU.ActiveCfg = Debug|Any CPU
		{DC07AD93-EA35-4D59-BAB6-E62CD028D44A}.Debug|Any CPU.Build.0 = Debug|Any CPU
		{DC07AD93-EA35-4D59-BAB6-E62CD028D44A}.Release|Any CPU.ActiveCfg = Release|Any CPU
		{DC07AD93-EA35-4D59-BAB6-E62CD028D44A}.Release|Any CPU.Build.0 = Release|Any CPU
		{CD33FC6A-CE28-447A-92E2-E3274E009F3C}.Debug|Any CPU.ActiveCfg = Debug|Any CPU
		{CD33FC6A-CE28-447A-92E2-E3274E009F3C}.Debug|Any CPU.Build.0 = Debug|Any CPU
		{CD33FC6A-CE28-447A-92E2-E3274E009F3C}.Release|Any CPU.ActiveCfg = Release|Any CPU
		{CD33FC6A-CE28-447A-92E2-E3274E009F3C}.Release|Any CPU.Build.0 = Release|Any CPU
		{8E69CCBC-6287-4226-AEE3-60A130DE0D6C}.Debug|Any CPU.ActiveCfg = Debug|Any CPU
		{8E69CCBC-6287-4226-AEE3-60A130DE0D6C}.Debug|Any CPU.Build.0 = Debug|Any CPU
		{8E69CCBC-6287-4226-AEE3-60A130DE0D6C}.Release|Any CPU.ActiveCfg = Release|Any CPU
		{8E69CCBC-6287-4226-AEE3-60A130DE0D6C}.Release|Any CPU.Build.0 = Release|Any CPU
		{E3C12096-993D-4659-9856-C0CF1E7E8BC6}.Debug|Any CPU.ActiveCfg = Debug|Any CPU
		{E3C12096-993D-4659-9856-C0CF1E7E8BC6}.Debug|Any CPU.Build.0 = Debug|Any CPU
		{E3C12096-993D-4659-9856-C0CF1E7E8BC6}.Release|Any CPU.ActiveCfg = Release|Any CPU
		{E3C12096-993D-4659-9856-C0CF1E7E8BC6}.Release|Any CPU.Build.0 = Release|Any CPU
		{EB7968D3-6C38-4994-AD7E-90B1D5C80F6E}.Debug|Any CPU.ActiveCfg = Debug|Any CPU
		{EB7968D3-6C38-4994-AD7E-90B1D5C80F6E}.Debug|Any CPU.Build.0 = Debug|Any CPU
		{EB7968D3-6C38-4994-AD7E-90B1D5C80F6E}.Release|Any CPU.ActiveCfg = Release|Any CPU
		{EB7968D3-6C38-4994-AD7E-90B1D5C80F6E}.Release|Any CPU.Build.0 = Release|Any CPU
		{541358FB-FA9A-4780-A204-66C24D08265C}.Debug|Any CPU.ActiveCfg = Debug|Any CPU
		{541358FB-FA9A-4780-A204-66C24D08265C}.Debug|Any CPU.Build.0 = Debug|Any CPU
		{541358FB-FA9A-4780-A204-66C24D08265C}.Release|Any CPU.ActiveCfg = Release|Any CPU
		{541358FB-FA9A-4780-A204-66C24D08265C}.Release|Any CPU.Build.0 = Release|Any CPU
		{0C93DD0D-F9F9-4FD6-BF04-22073571AC4E}.Debug|Any CPU.ActiveCfg = Debug|Any CPU
		{0C93DD0D-F9F9-4FD6-BF04-22073571AC4E}.Debug|Any CPU.Build.0 = Debug|Any CPU
		{0C93DD0D-F9F9-4FD6-BF04-22073571AC4E}.Release|Any CPU.ActiveCfg = Release|Any CPU
		{0C93DD0D-F9F9-4FD6-BF04-22073571AC4E}.Release|Any CPU.Build.0 = Release|Any CPU
		{8547D843-FC7F-42BA-A412-5E1F88655212}.Debug|Any CPU.ActiveCfg = Debug|Any CPU
		{8547D843-FC7F-42BA-A412-5E1F88655212}.Debug|Any CPU.Build.0 = Debug|Any CPU
		{8547D843-FC7F-42BA-A412-5E1F88655212}.Release|Any CPU.ActiveCfg = Release|Any CPU
		{8547D843-FC7F-42BA-A412-5E1F88655212}.Release|Any CPU.Build.0 = Release|Any CPU
		{8C9C9994-3507-4F4C-ADC3-082FA014A07A}.Debug|Any CPU.ActiveCfg = Debug|Any CPU
		{8C9C9994-3507-4F4C-ADC3-082FA014A07A}.Debug|Any CPU.Build.0 = Debug|Any CPU
		{8C9C9994-3507-4F4C-ADC3-082FA014A07A}.Release|Any CPU.ActiveCfg = Release|Any CPU
		{8C9C9994-3507-4F4C-ADC3-082FA014A07A}.Release|Any CPU.Build.0 = Release|Any CPU
		{84680A8B-5EDA-4F0C-AC75-CB32A0628EDB}.Debug|Any CPU.ActiveCfg = Debug|Any CPU
		{84680A8B-5EDA-4F0C-AC75-CB32A0628EDB}.Debug|Any CPU.Build.0 = Debug|Any CPU
		{84680A8B-5EDA-4F0C-AC75-CB32A0628EDB}.Release|Any CPU.ActiveCfg = Release|Any CPU
		{84680A8B-5EDA-4F0C-AC75-CB32A0628EDB}.Release|Any CPU.Build.0 = Release|Any CPU
		{A2E23D7C-E3CE-4BEA-B193-9D062B65D7D1}.Debug|Any CPU.ActiveCfg = Debug|Any CPU
		{A2E23D7C-E3CE-4BEA-B193-9D062B65D7D1}.Debug|Any CPU.Build.0 = Debug|Any CPU
		{A2E23D7C-E3CE-4BEA-B193-9D062B65D7D1}.Release|Any CPU.ActiveCfg = Release|Any CPU
		{A2E23D7C-E3CE-4BEA-B193-9D062B65D7D1}.Release|Any CPU.Build.0 = Release|Any CPU
		{0628A9B0-4577-46E6-B902-14A02C9142E3}.Debug|Any CPU.ActiveCfg = Debug|Any CPU
		{0628A9B0-4577-46E6-B902-14A02C9142E3}.Debug|Any CPU.Build.0 = Debug|Any CPU
		{0628A9B0-4577-46E6-B902-14A02C9142E3}.Release|Any CPU.ActiveCfg = Release|Any CPU
		{0628A9B0-4577-46E6-B902-14A02C9142E3}.Release|Any CPU.Build.0 = Release|Any CPU
		{C91B72EB-F118-473C-93C2-585B4201D367}.Debug|Any CPU.ActiveCfg = Debug|Any CPU
		{C91B72EB-F118-473C-93C2-585B4201D367}.Debug|Any CPU.Build.0 = Debug|Any CPU
		{C91B72EB-F118-473C-93C2-585B4201D367}.Release|Any CPU.ActiveCfg = Release|Any CPU
		{C91B72EB-F118-473C-93C2-585B4201D367}.Release|Any CPU.Build.0 = Release|Any CPU
		{AC9FD583-9729-4F2D-9D6E-2AA6AAA3A9C0}.Debug|Any CPU.ActiveCfg = Debug|Any CPU
		{AC9FD583-9729-4F2D-9D6E-2AA6AAA3A9C0}.Debug|Any CPU.Build.0 = Debug|Any CPU
		{AC9FD583-9729-4F2D-9D6E-2AA6AAA3A9C0}.Release|Any CPU.ActiveCfg = Release|Any CPU
		{AC9FD583-9729-4F2D-9D6E-2AA6AAA3A9C0}.Release|Any CPU.Build.0 = Release|Any CPU
	EndGlobalSection
	GlobalSection(SolutionProperties) = preSolution
		HideSolutionNode = FALSE
	EndGlobalSection
	GlobalSection(ExtensibilityGlobals) = postSolution
		SolutionGuid = {2EAAE37B-2A8F-4956-AF36-019B63C2BA34}
	EndGlobalSection
EndGlobal
